{
    "name": "cultlikereport",
    "version": "2.0.0",
    "lockfileVersion": 3,
    "requires": true,
    "packages": {
        "": {
            "name": "cultlikereport",
            "version": "2.0.0",
            "dependencies": {
                "aws-sdk": "^2.1598.0",
                "axios": "^1.6.8",
                "moment": "^2.30.1",
                "sharp": "^0.33.3"
            }
        },
        "node_modules/@emnapi/runtime": {
            "version": "1.1.1",
            "resolved": "https://registry.npmjs.org/@emnapi/runtime/-/runtime-1.1.1.tgz",
            "integrity": "sha512-3bfqkzuR1KLx57nZfjr2NLnFOobvyS0aTszaEGCGqmYMVDRaGvgIZbjGSV/MHSSmLgQ/b9JFHQ5xm5WRZYd+XQ==",
            "optional": true,
            "dependencies": {
                "tslib": "^2.4.0"
            }
        },
        "node_modules/@img/sharp-darwin-arm64": {
            "version": "0.33.3",
            "resolved": "https://registry.npmjs.org/@img/sharp-darwin-arm64/-/sharp-darwin-arm64-0.33.3.tgz",
            "integrity": "sha512-FaNiGX1MrOuJ3hxuNzWgsT/mg5OHG/Izh59WW2mk1UwYHUwtfbhk5QNKYZgxf0pLOhx9ctGiGa2OykD71vOnSw==",
            "cpu": [
                "arm64"
            ],
            "optional": true,
            "os": [
                "darwin"
            ],
            "engines": {
                "glibc": ">=2.26",
                "node": "^18.17.0 || ^20.3.0 || >=21.0.0",
                "npm": ">=9.6.5",
                "pnpm": ">=7.1.0",
                "yarn": ">=3.2.0"
            },
            "funding": {
                "url": "https://opencollective.com/libvips"
            },
            "optionalDependencies": {
                "@img/sharp-libvips-darwin-arm64": "1.0.2"
            }
        },
        "node_modules/@img/sharp-darwin-x64": {
            "version": "0.33.3",
            "resolved": "https://registry.npmjs.org/@img/sharp-darwin-x64/-/sharp-darwin-x64-0.33.3.tgz",
            "integrity": "sha512-2QeSl7QDK9ru//YBT4sQkoq7L0EAJZA3rtV+v9p8xTKl4U1bUqTIaCnoC7Ctx2kCjQgwFXDasOtPTCT8eCTXvw==",
            "cpu": [
                "x64"
            ],
            "optional": true,
            "os": [
                "darwin"
            ],
            "engines": {
                "glibc": ">=2.26",
                "node": "^18.17.0 || ^20.3.0 || >=21.0.0",
                "npm": ">=9.6.5",
                "pnpm": ">=7.1.0",
                "yarn": ">=3.2.0"
            },
            "funding": {
                "url": "https://opencollective.com/libvips"
            },
            "optionalDependencies": {
                "@img/sharp-libvips-darwin-x64": "1.0.2"
            }
        },
        "node_modules/@img/sharp-libvips-darwin-arm64": {
            "version": "1.0.2",
            "resolved": "https://registry.npmjs.org/@img/sharp-libvips-darwin-arm64/-/sharp-libvips-darwin-arm64-1.0.2.tgz",
            "integrity": "sha512-tcK/41Rq8IKlSaKRCCAuuY3lDJjQnYIW1UXU1kxcEKrfL8WR7N6+rzNoOxoQRJWTAECuKwgAHnPvqXGN8XfkHA==",
            "cpu": [
                "arm64"
            ],
            "optional": true,
            "os": [
                "darwin"
            ],
            "engines": {
                "macos": ">=11",
                "npm": ">=9.6.5",
                "pnpm": ">=7.1.0",
                "yarn": ">=3.2.0"
            },
            "funding": {
                "url": "https://opencollective.com/libvips"
            }
        },
        "node_modules/@img/sharp-libvips-darwin-x64": {
            "version": "1.0.2",
            "resolved": "https://registry.npmjs.org/@img/sharp-libvips-darwin-x64/-/sharp-libvips-darwin-x64-1.0.2.tgz",
            "integrity": "sha512-Ofw+7oaWa0HiiMiKWqqaZbaYV3/UGL2wAPeLuJTx+9cXpCRdvQhCLG0IH8YGwM0yGWGLpsF4Su9vM1o6aer+Fw==",
            "cpu": [
                "x64"
            ],
            "optional": true,
            "os": [
                "darwin"
            ],
            "engines": {
                "macos": ">=10.13",
                "npm": ">=9.6.5",
                "pnpm": ">=7.1.0",
                "yarn": ">=3.2.0"
            },
            "funding": {
                "url": "https://opencollective.com/libvips"
            }
        },
        "node_modules/@img/sharp-libvips-linux-arm": {
            "version": "1.0.2",
            "resolved": "https://registry.npmjs.org/@img/sharp-libvips-linux-arm/-/sharp-libvips-linux-arm-1.0.2.tgz",
            "integrity": "sha512-iLWCvrKgeFoglQxdEwzu1eQV04o8YeYGFXtfWU26Zr2wWT3q3MTzC+QTCO3ZQfWd3doKHT4Pm2kRmLbupT+sZw==",
            "cpu": [
                "arm"
            ],
            "optional": true,
            "os": [
                "linux"
            ],
            "engines": {
                "glibc": ">=2.28",
                "npm": ">=9.6.5",
                "pnpm": ">=7.1.0",
                "yarn": ">=3.2.0"
            },
            "funding": {
                "url": "https://opencollective.com/libvips"
            }
        },
        "node_modules/@img/sharp-libvips-linux-arm64": {
            "version": "1.0.2",
            "resolved": "https://registry.npmjs.org/@img/sharp-libvips-linux-arm64/-/sharp-libvips-linux-arm64-1.0.2.tgz",
            "integrity": "sha512-x7kCt3N00ofFmmkkdshwj3vGPCnmiDh7Gwnd4nUwZln2YjqPxV1NlTyZOvoDWdKQVDL911487HOueBvrpflagw==",
            "cpu": [
                "arm64"
            ],
            "optional": true,
            "os": [
                "linux"
            ],
            "engines": {
                "glibc": ">=2.26",
                "npm": ">=9.6.5",
                "pnpm": ">=7.1.0",
                "yarn": ">=3.2.0"
            },
            "funding": {
                "url": "https://opencollective.com/libvips"
            }
        },
        "node_modules/@img/sharp-libvips-linux-s390x": {
            "version": "1.0.2",
            "resolved": "https://registry.npmjs.org/@img/sharp-libvips-linux-s390x/-/sharp-libvips-linux-s390x-1.0.2.tgz",
            "integrity": "sha512-cmhQ1J4qVhfmS6szYW7RT+gLJq9dH2i4maq+qyXayUSn9/3iY2ZeWpbAgSpSVbV2E1JUL2Gg7pwnYQ1h8rQIog==",
            "cpu": [
                "s390x"
            ],
            "optional": true,
            "os": [
                "linux"
            ],
            "engines": {
                "glibc": ">=2.28",
                "npm": ">=9.6.5",
                "pnpm": ">=7.1.0",
                "yarn": ">=3.2.0"
            },
            "funding": {
                "url": "https://opencollective.com/libvips"
            }
        },
        "node_modules/@img/sharp-libvips-linux-x64": {
            "version": "1.0.2",
            "resolved": "https://registry.npmjs.org/@img/sharp-libvips-linux-x64/-/sharp-libvips-linux-x64-1.0.2.tgz",
            "integrity": "sha512-E441q4Qdb+7yuyiADVi5J+44x8ctlrqn8XgkDTwr4qPJzWkaHwD489iZ4nGDgcuya4iMN3ULV6NwbhRZJ9Z7SQ==",
            "cpu": [
                "x64"
            ],
            "optional": true,
            "os": [
                "linux"
            ],
            "engines": {
                "glibc": ">=2.26",
                "npm": ">=9.6.5",
                "pnpm": ">=7.1.0",
                "yarn": ">=3.2.0"
            },
            "funding": {
                "url": "https://opencollective.com/libvips"
            }
        },
        "node_modules/@img/sharp-libvips-linuxmusl-arm64": {
            "version": "1.0.2",
            "resolved": "https://registry.npmjs.org/@img/sharp-libvips-linuxmusl-arm64/-/sharp-libvips-linuxmusl-arm64-1.0.2.tgz",
            "integrity": "sha512-3CAkndNpYUrlDqkCM5qhksfE+qSIREVpyoeHIU6jd48SJZViAmznoQQLAv4hVXF7xyUB9zf+G++e2v1ABjCbEQ==",
            "cpu": [
                "arm64"
            ],
            "optional": true,
            "os": [
                "linux"
            ],
            "engines": {
                "musl": ">=1.2.2",
                "npm": ">=9.6.5",
                "pnpm": ">=7.1.0",
                "yarn": ">=3.2.0"
            },
            "funding": {
                "url": "https://opencollective.com/libvips"
            }
        },
        "node_modules/@img/sharp-libvips-linuxmusl-x64": {
            "version": "1.0.2",
            "resolved": "https://registry.npmjs.org/@img/sharp-libvips-linuxmusl-x64/-/sharp-libvips-linuxmusl-x64-1.0.2.tgz",
            "integrity": "sha512-VI94Q6khIHqHWNOh6LLdm9s2Ry4zdjWJwH56WoiJU7NTeDwyApdZZ8c+SADC8OH98KWNQXnE01UdJ9CSfZvwZw==",
            "cpu": [
                "x64"
            ],
            "optional": true,
            "os": [
                "linux"
            ],
            "engines": {
                "musl": ">=1.2.2",
                "npm": ">=9.6.5",
                "pnpm": ">=7.1.0",
                "yarn": ">=3.2.0"
            },
            "funding": {
                "url": "https://opencollective.com/libvips"
            }
        },
        "node_modules/@img/sharp-linux-arm": {
            "version": "0.33.3",
            "resolved": "https://registry.npmjs.org/@img/sharp-linux-arm/-/sharp-linux-arm-0.33.3.tgz",
            "integrity": "sha512-Q7Ee3fFSC9P7vUSqVEF0zccJsZ8GiiCJYGWDdhEjdlOeS9/jdkyJ6sUSPj+bL8VuOYFSbofrW0t/86ceVhx32w==",
            "cpu": [
                "arm"
            ],
            "optional": true,
            "os": [
                "linux"
            ],
            "engines": {
                "glibc": ">=2.28",
                "node": "^18.17.0 || ^20.3.0 || >=21.0.0",
                "npm": ">=9.6.5",
                "pnpm": ">=7.1.0",
                "yarn": ">=3.2.0"
            },
            "funding": {
                "url": "https://opencollective.com/libvips"
            },
            "optionalDependencies": {
                "@img/sharp-libvips-linux-arm": "1.0.2"
            }
        },
        "node_modules/@img/sharp-linux-arm64": {
            "version": "0.33.3",
            "resolved": "https://registry.npmjs.org/@img/sharp-linux-arm64/-/sharp-linux-arm64-0.33.3.tgz",
            "integrity": "sha512-Zf+sF1jHZJKA6Gor9hoYG2ljr4wo9cY4twaxgFDvlG0Xz9V7sinsPp8pFd1XtlhTzYo0IhDbl3rK7P6MzHpnYA==",
            "cpu": [
                "arm64"
            ],
            "optional": true,
            "os": [
                "linux"
            ],
            "engines": {
                "glibc": ">=2.26",
                "node": "^18.17.0 || ^20.3.0 || >=21.0.0",
                "npm": ">=9.6.5",
                "pnpm": ">=7.1.0",
                "yarn": ">=3.2.0"
            },
            "funding": {
                "url": "https://opencollective.com/libvips"
            },
            "optionalDependencies": {
                "@img/sharp-libvips-linux-arm64": "1.0.2"
            }
        },
        "node_modules/@img/sharp-linux-s390x": {
            "version": "0.33.3",
            "resolved": "https://registry.npmjs.org/@img/sharp-linux-s390x/-/sharp-linux-s390x-0.33.3.tgz",
            "integrity": "sha512-vFk441DKRFepjhTEH20oBlFrHcLjPfI8B0pMIxGm3+yilKyYeHEVvrZhYFdqIseSclIqbQ3SnZMwEMWonY5XFA==",
            "cpu": [
                "s390x"
            ],
            "optional": true,
            "os": [
                "linux"
            ],
            "engines": {
                "glibc": ">=2.28",
                "node": "^18.17.0 || ^20.3.0 || >=21.0.0",
                "npm": ">=9.6.5",
                "pnpm": ">=7.1.0",
                "yarn": ">=3.2.0"
            },
            "funding": {
                "url": "https://opencollective.com/libvips"
            },
            "optionalDependencies": {
                "@img/sharp-libvips-linux-s390x": "1.0.2"
            }
        },
        "node_modules/@img/sharp-linux-x64": {
            "version": "0.33.3",
            "resolved": "https://registry.npmjs.org/@img/sharp-linux-x64/-/sharp-linux-x64-0.33.3.tgz",
            "integrity": "sha512-Q4I++herIJxJi+qmbySd072oDPRkCg/SClLEIDh5IL9h1zjhqjv82H0Seupd+q2m0yOfD+/fJnjSoDFtKiHu2g==",
            "cpu": [
                "x64"
            ],
            "optional": true,
            "os": [
                "linux"
            ],
            "engines": {
                "glibc": ">=2.26",
                "node": "^18.17.0 || ^20.3.0 || >=21.0.0",
                "npm": ">=9.6.5",
                "pnpm": ">=7.1.0",
                "yarn": ">=3.2.0"
            },
            "funding": {
                "url": "https://opencollective.com/libvips"
            },
            "optionalDependencies": {
                "@img/sharp-libvips-linux-x64": "1.0.2"
            }
        },
        "node_modules/@img/sharp-linuxmusl-arm64": {
            "version": "0.33.3",
            "resolved": "https://registry.npmjs.org/@img/sharp-linuxmusl-arm64/-/sharp-linuxmusl-arm64-0.33.3.tgz",
            "integrity": "sha512-qnDccehRDXadhM9PM5hLvcPRYqyFCBN31kq+ErBSZtZlsAc1U4Z85xf/RXv1qolkdu+ibw64fUDaRdktxTNP9A==",
            "cpu": [
                "arm64"
            ],
            "optional": true,
            "os": [
                "linux"
            ],
            "engines": {
                "musl": ">=1.2.2",
                "node": "^18.17.0 || ^20.3.0 || >=21.0.0",
                "npm": ">=9.6.5",
                "pnpm": ">=7.1.0",
                "yarn": ">=3.2.0"
            },
            "funding": {
                "url": "https://opencollective.com/libvips"
            },
            "optionalDependencies": {
                "@img/sharp-libvips-linuxmusl-arm64": "1.0.2"
            }
        },
        "node_modules/@img/sharp-linuxmusl-x64": {
            "version": "0.33.3",
            "resolved": "https://registry.npmjs.org/@img/sharp-linuxmusl-x64/-/sharp-linuxmusl-x64-0.33.3.tgz",
            "integrity": "sha512-Jhchim8kHWIU/GZ+9poHMWRcefeaxFIs9EBqf9KtcC14Ojk6qua7ghKiPs0sbeLbLj/2IGBtDcxHyjCdYWkk2w==",
            "cpu": [
                "x64"
            ],
            "optional": true,
            "os": [
                "linux"
            ],
            "engines": {
                "musl": ">=1.2.2",
                "node": "^18.17.0 || ^20.3.0 || >=21.0.0",
                "npm": ">=9.6.5",
                "pnpm": ">=7.1.0",
                "yarn": ">=3.2.0"
            },
            "funding": {
                "url": "https://opencollective.com/libvips"
            },
            "optionalDependencies": {
                "@img/sharp-libvips-linuxmusl-x64": "1.0.2"
            }
        },
        "node_modules/@img/sharp-wasm32": {
            "version": "0.33.3",
            "resolved": "https://registry.npmjs.org/@img/sharp-wasm32/-/sharp-wasm32-0.33.3.tgz",
            "integrity": "sha512-68zivsdJ0koE96stdUfM+gmyaK/NcoSZK5dV5CAjES0FUXS9lchYt8LAB5rTbM7nlWtxaU/2GON0HVN6/ZYJAQ==",
            "cpu": [
                "wasm32"
            ],
            "optional": true,
            "dependencies": {
                "@emnapi/runtime": "^1.1.0"
            },
            "engines": {
                "node": "^18.17.0 || ^20.3.0 || >=21.0.0",
                "npm": ">=9.6.5",
                "pnpm": ">=7.1.0",
                "yarn": ">=3.2.0"
            },
            "funding": {
                "url": "https://opencollective.com/libvips"
            }
        },
        "node_modules/@img/sharp-win32-ia32": {
            "version": "0.33.3",
            "resolved": "https://registry.npmjs.org/@img/sharp-win32-ia32/-/sharp-win32-ia32-0.33.3.tgz",
            "integrity": "sha512-CyimAduT2whQD8ER4Ux7exKrtfoaUiVr7HG0zZvO0XTFn2idUWljjxv58GxNTkFb8/J9Ub9AqITGkJD6ZginxQ==",
            "cpu": [
                "ia32"
            ],
            "optional": true,
            "os": [
                "win32"
            ],
            "engines": {
                "node": "^18.17.0 || ^20.3.0 || >=21.0.0",
                "npm": ">=9.6.5",
                "pnpm": ">=7.1.0",
                "yarn": ">=3.2.0"
            },
            "funding": {
                "url": "https://opencollective.com/libvips"
            }
        },
        "node_modules/@img/sharp-win32-x64": {
            "version": "0.33.3",
            "resolved": "https://registry.npmjs.org/@img/sharp-win32-x64/-/sharp-win32-x64-0.33.3.tgz",
            "integrity": "sha512-viT4fUIDKnli3IfOephGnolMzhz5VaTvDRkYqtZxOMIoMQ4MrAziO7pT1nVnOt2FAm7qW5aa+CCc13aEY6Le0g==",
            "cpu": [
                "x64"
            ],
            "optional": true,
            "os": [
                "win32"
            ],
            "engines": {
                "node": "^18.17.0 || ^20.3.0 || >=21.0.0",
                "npm": ">=9.6.5",
                "pnpm": ">=7.1.0",
                "yarn": ">=3.2.0"
            },
            "funding": {
                "url": "https://opencollective.com/libvips"
            }
        },
        "node_modules/asynckit": {
            "version": "0.4.0",
            "license": "MIT"
        },
        "node_modules/available-typed-arrays": {
            "version": "1.0.7",
            "license": "MIT",
            "dependencies": {
                "possible-typed-array-names": "^1.0.0"
            },
            "engines": {
                "node": ">= 0.4"
            },
            "funding": {
                "url": "https://github.com/sponsors/ljharb"
            }
        },
        "node_modules/aws-sdk": {
            "version": "2.1598.0",
            "hasInstallScript": true,
            "license": "Apache-2.0",
            "dependencies": {
                "buffer": "4.9.2",
                "events": "1.1.1",
                "ieee754": "1.1.13",
                "jmespath": "0.16.0",
                "querystring": "0.2.0",
                "sax": "1.2.1",
                "url": "0.10.3",
                "util": "^0.12.4",
                "uuid": "8.0.0",
                "xml2js": "0.6.2"
            },
            "engines": {
                "node": ">= 10.0.0"
            }
        },
        "node_modules/axios": {
            "version": "1.6.8",
            "resolved": "https://registry.npmjs.org/axios/-/axios-1.6.8.tgz",
            "integrity": "sha512-v/ZHtJDU39mDpyBoFVkETcd/uNdxrWRrg3bKpOKzXFA6Bvqopts6ALSMU3y6ijYxbw2B+wPrIv46egTzJXCLGQ==",
            "dependencies": {
                "follow-redirects": "^1.15.6",
                "form-data": "^4.0.0",
                "proxy-from-env": "^1.1.0"
            }
        },
        "node_modules/base64-js": {
            "version": "1.5.1",
            "funding": [
                {
                    "type": "github",
                    "url": "https://github.com/sponsors/feross"
                },
                {
                    "type": "patreon",
                    "url": "https://www.patreon.com/feross"
                },
                {
                    "type": "consulting",
                    "url": "https://feross.org/support"
                }
            ],
            "license": "MIT"
        },
        "node_modules/buffer": {
            "version": "4.9.2",
            "license": "MIT",
            "dependencies": {
                "base64-js": "^1.0.2",
                "ieee754": "^1.1.4",
                "isarray": "^1.0.0"
            }
        },
        "node_modules/call-bind": {
            "version": "1.0.7",
            "license": "MIT",
            "dependencies": {
                "es-define-property": "^1.0.0",
                "es-errors": "^1.3.0",
                "function-bind": "^1.1.2",
                "get-intrinsic": "^1.2.4",
                "set-function-length": "^1.2.1"
            },
            "engines": {
                "node": ">= 0.4"
            },
            "funding": {
                "url": "https://github.com/sponsors/ljharb"
            }
        },
        "node_modules/color": {
            "version": "4.2.3",
            "license": "MIT",
            "dependencies": {
                "color-convert": "^2.0.1",
                "color-string": "^1.9.0"
            },
            "engines": {
                "node": ">=12.5.0"
            }
        },
        "node_modules/color-convert": {
            "version": "2.0.1",
            "license": "MIT",
            "dependencies": {
                "color-name": "~1.1.4"
            },
            "engines": {
                "node": ">=7.0.0"
            }
        },
        "node_modules/color-name": {
            "version": "1.1.4",
            "license": "MIT"
        },
        "node_modules/color-string": {
            "version": "1.9.1",
            "license": "MIT",
            "dependencies": {
                "color-name": "^1.0.0",
                "simple-swizzle": "^0.2.2"
            }
        },
        "node_modules/combined-stream": {
            "version": "1.0.8",
            "license": "MIT",
            "dependencies": {
                "delayed-stream": "~1.0.0"
            },
            "engines": {
                "node": ">= 0.8"
            }
        },
        "node_modules/define-data-property": {
            "version": "1.1.4",
            "license": "MIT",
            "dependencies": {
                "es-define-property": "^1.0.0",
                "es-errors": "^1.3.0",
                "gopd": "^1.0.1"
            },
            "engines": {
                "node": ">= 0.4"
            },
            "funding": {
                "url": "https://github.com/sponsors/ljharb"
            }
        },
        "node_modules/delayed-stream": {
            "version": "1.0.0",
            "license": "MIT",
            "engines": {
                "node": ">=0.4.0"
            }
        },
        "node_modules/detect-libc": {
            "version": "2.0.3",
            "license": "Apache-2.0",
            "engines": {
                "node": ">=8"
            }
        },
        "node_modules/es-define-property": {
            "version": "1.0.0",
            "license": "MIT",
            "dependencies": {
                "get-intrinsic": "^1.2.4"
            },
            "engines": {
                "node": ">= 0.4"
            }
        },
        "node_modules/es-errors": {
            "version": "1.3.0",
            "license": "MIT",
            "engines": {
                "node": ">= 0.4"
            }
        },
        "node_modules/events": {
            "version": "1.1.1",
            "license": "MIT",
            "engines": {
                "node": ">=0.4.x"
            }
        },
        "node_modules/follow-redirects": {
            "version": "1.15.6",
            "funding": [
                {
                    "type": "individual",
                    "url": "https://github.com/sponsors/RubenVerborgh"
                }
            ],
            "license": "MIT",
            "engines": {
                "node": ">=4.0"
            },
            "peerDependenciesMeta": {
                "debug": {
                    "optional": true
                }
            }
        },
        "node_modules/for-each": {
            "version": "0.3.3",
            "license": "MIT",
            "dependencies": {
                "is-callable": "^1.1.3"
            }
        },
        "node_modules/form-data": {
            "version": "4.0.0",
            "license": "MIT",
            "dependencies": {
                "asynckit": "^0.4.0",
                "combined-stream": "^1.0.8",
                "mime-types": "^2.1.12"
            },
            "engines": {
                "node": ">= 6"
            }
        },
        "node_modules/function-bind": {
            "version": "1.1.2",
            "license": "MIT",
            "funding": {
                "url": "https://github.com/sponsors/ljharb"
            }
        },
        "node_modules/get-intrinsic": {
            "version": "1.2.4",
            "license": "MIT",
            "dependencies": {
                "es-errors": "^1.3.0",
                "function-bind": "^1.1.2",
                "has-proto": "^1.0.1",
                "has-symbols": "^1.0.3",
                "hasown": "^2.0.0"
            },
            "engines": {
                "node": ">= 0.4"
            },
            "funding": {
                "url": "https://github.com/sponsors/ljharb"
            }
        },
        "node_modules/gopd": {
            "version": "1.0.1",
            "license": "MIT",
            "dependencies": {
                "get-intrinsic": "^1.1.3"
            },
            "funding": {
                "url": "https://github.com/sponsors/ljharb"
            }
        },
        "node_modules/has-property-descriptors": {
            "version": "1.0.2",
            "license": "MIT",
            "dependencies": {
                "es-define-property": "^1.0.0"
            },
            "funding": {
                "url": "https://github.com/sponsors/ljharb"
            }
        },
        "node_modules/has-proto": {
            "version": "1.0.3",
            "license": "MIT",
            "engines": {
                "node": ">= 0.4"
            },
            "funding": {
                "url": "https://github.com/sponsors/ljharb"
            }
        },
        "node_modules/has-symbols": {
            "version": "1.0.3",
            "license": "MIT",
            "engines": {
                "node": ">= 0.4"
            },
            "funding": {
                "url": "https://github.com/sponsors/ljharb"
            }
        },
        "node_modules/has-tostringtag": {
            "version": "1.0.2",
            "license": "MIT",
            "dependencies": {
                "has-symbols": "^1.0.3"
            },
            "engines": {
                "node": ">= 0.4"
            },
            "funding": {
                "url": "https://github.com/sponsors/ljharb"
            }
        },
        "node_modules/hasown": {
            "version": "2.0.2",
            "license": "MIT",
            "dependencies": {
                "function-bind": "^1.1.2"
            },
            "engines": {
                "node": ">= 0.4"
            }
        },
        "node_modules/ieee754": {
            "version": "1.1.13",
            "license": "BSD-3-Clause"
        },
        "node_modules/inherits": {
            "version": "2.0.4",
            "license": "ISC"
        },
        "node_modules/is-arguments": {
            "version": "1.1.1",
            "license": "MIT",
            "dependencies": {
                "call-bind": "^1.0.2",
                "has-tostringtag": "^1.0.0"
            },
            "engines": {
                "node": ">= 0.4"
            },
            "funding": {
                "url": "https://github.com/sponsors/ljharb"
            }
        },
        "node_modules/is-arrayish": {
            "version": "0.3.2",
            "license": "MIT"
        },
        "node_modules/is-callable": {
            "version": "1.2.7",
            "license": "MIT",
            "engines": {
                "node": ">= 0.4"
            },
            "funding": {
                "url": "https://github.com/sponsors/ljharb"
            }
        },
        "node_modules/is-generator-function": {
            "version": "1.0.10",
            "license": "MIT",
            "dependencies": {
                "has-tostringtag": "^1.0.0"
            },
            "engines": {
                "node": ">= 0.4"
            },
            "funding": {
                "url": "https://github.com/sponsors/ljharb"
            }
        },
        "node_modules/is-typed-array": {
            "version": "1.1.13",
            "license": "MIT",
            "dependencies": {
                "which-typed-array": "^1.1.14"
            },
            "engines": {
                "node": ">= 0.4"
            },
            "funding": {
                "url": "https://github.com/sponsors/ljharb"
            }
        },
        "node_modules/isarray": {
            "version": "1.0.0",
            "license": "MIT"
        },
        "node_modules/jmespath": {
            "version": "0.16.0",
            "license": "Apache-2.0",
            "engines": {
                "node": ">= 0.6.0"
            }
        },
        "node_modules/lru-cache": {
            "version": "6.0.0",
            "license": "ISC",
            "dependencies": {
                "yallist": "^4.0.0"
            },
            "engines": {
                "node": ">=10"
            }
        },
        "node_modules/mime-db": {
            "version": "1.52.0",
            "license": "MIT",
            "engines": {
                "node": ">= 0.6"
            }
        },
        "node_modules/mime-types": {
            "version": "2.1.35",
            "license": "MIT",
            "dependencies": {
                "mime-db": "1.52.0"
            },
            "engines": {
                "node": ">= 0.6"
            }
        },
        "node_modules/moment": {
            "version": "2.30.1",
            "license": "MIT",
            "engines": {
                "node": "*"
            }
        },
        "node_modules/possible-typed-array-names": {
            "version": "1.0.0",
            "license": "MIT",
            "engines": {
                "node": ">= 0.4"
            }
        },
        "node_modules/proxy-from-env": {
            "version": "1.1.0",
            "license": "MIT"
        },
        "node_modules/punycode": {
            "version": "1.3.2",
            "license": "MIT"
        },
        "node_modules/querystring": {
            "version": "0.2.0",
            "engines": {
                "node": ">=0.4.x"
            }
        },
        "node_modules/sax": {
            "version": "1.2.1",
            "license": "ISC"
        },
        "node_modules/semver": {
            "version": "7.6.0",
            "license": "ISC",
            "dependencies": {
                "lru-cache": "^6.0.0"
            },
            "bin": {
                "semver": "bin/semver.js"
            },
            "engines": {
                "node": ">=10"
            }
        },
        "node_modules/set-function-length": {
            "version": "1.2.2",
            "license": "MIT",
            "dependencies": {
                "define-data-property": "^1.1.4",
                "es-errors": "^1.3.0",
                "function-bind": "^1.1.2",
                "get-intrinsic": "^1.2.4",
                "gopd": "^1.0.1",
                "has-property-descriptors": "^1.0.2"
            },
            "engines": {
                "node": ">= 0.4"
            }
        },
        "node_modules/sharp": {
            "version": "0.33.3",
            "resolved": "https://registry.npmjs.org/sharp/-/sharp-0.33.3.tgz",
            "integrity": "sha512-vHUeXJU1UvlO/BNwTpT0x/r53WkLUVxrmb5JTgW92fdFCFk0ispLMAeu/jPO2vjkXM1fYUi3K7/qcLF47pwM1A==",
            "hasInstallScript": true,
            "dependencies": {
                "color": "^4.2.3",
                "detect-libc": "^2.0.3",
                "semver": "^7.6.0"
            },
            "engines": {
                "libvips": ">=8.15.2",
                "node": "^18.17.0 || ^20.3.0 || >=21.0.0"
            },
            "funding": {
                "url": "https://opencollective.com/libvips"
            },
            "optionalDependencies": {
                "@img/sharp-darwin-arm64": "0.33.3",
                "@img/sharp-darwin-x64": "0.33.3",
                "@img/sharp-libvips-darwin-arm64": "1.0.2",
                "@img/sharp-libvips-darwin-x64": "1.0.2",
                "@img/sharp-libvips-linux-arm": "1.0.2",
                "@img/sharp-libvips-linux-arm64": "1.0.2",
                "@img/sharp-libvips-linux-s390x": "1.0.2",
                "@img/sharp-libvips-linux-x64": "1.0.2",
                "@img/sharp-libvips-linuxmusl-arm64": "1.0.2",
                "@img/sharp-libvips-linuxmusl-x64": "1.0.2",
                "@img/sharp-linux-arm": "0.33.3",
                "@img/sharp-linux-arm64": "0.33.3",
                "@img/sharp-linux-s390x": "0.33.3",
                "@img/sharp-linux-x64": "0.33.3",
                "@img/sharp-linuxmusl-arm64": "0.33.3",
                "@img/sharp-linuxmusl-x64": "0.33.3",
                "@img/sharp-wasm32": "0.33.3",
                "@img/sharp-win32-ia32": "0.33.3",
                "@img/sharp-win32-x64": "0.33.3"
            }
        },
        "node_modules/simple-swizzle": {
            "version": "0.2.2",
            "license": "MIT",
            "dependencies": {
                "is-arrayish": "^0.3.1"
            }
        },
        "node_modules/tslib": {
            "version": "2.6.2",
            "resolved": "https://registry.npmjs.org/tslib/-/tslib-2.6.2.tgz",
            "integrity": "sha512-AEYxH93jGFPn/a2iVAwW87VuUIkR1FVUKB77NwMF7nBTDkDrrT/Hpt/IrCJ0QXhW27jTBDcf5ZY7w6RiqTMw2Q==",
            "optional": true
        },
        "node_modules/url": {
            "version": "0.10.3",
            "license": "MIT",
            "dependencies": {
                "punycode": "1.3.2",
                "querystring": "0.2.0"
            }
        },
        "node_modules/util": {
            "version": "0.12.5",
            "license": "MIT",
            "dependencies": {
                "inherits": "^2.0.3",
                "is-arguments": "^1.0.4",
                "is-generator-function": "^1.0.7",
                "is-typed-array": "^1.1.3",
                "which-typed-array": "^1.1.2"
            }
        },
        "node_modules/uuid": {
            "version": "8.0.0",
            "license": "MIT",
            "bin": {
                "uuid": "dist/bin/uuid"
            }
        },
        "node_modules/which-typed-array": {
            "version": "1.1.15",
            "license": "MIT",
            "dependencies": {
                "available-typed-arrays": "^1.0.7",
                "call-bind": "^1.0.7",
                "for-each": "^0.3.3",
                "gopd": "^1.0.1",
                "has-tostringtag": "^1.0.2"
            },
            "engines": {
                "node": ">= 0.4"
            },
            "funding": {
                "url": "https://github.com/sponsors/ljharb"
            }
        },
        "node_modules/xml2js": {
            "version": "0.6.2",
            "license": "MIT",
            "dependencies": {
                "sax": ">=0.6.0",
                "xmlbuilder": "~11.0.0"
            },
            "engines": {
                "node": ">=4.0.0"
            }
        },
        "node_modules/xmlbuilder": {
            "version": "11.0.1",
            "license": "MIT",
            "engines": {
                "node": ">=4.0"
            }
        },
        "node_modules/yallist": {
            "version": "4.0.0",
            "license": "ISC"
        }
    }
}
